
Microsoft Visual Studio Solution File, Format Version 12.00
# Visual Studio Version 16
VisualStudioVersion = 16.0.33214.272
MinimumVisualStudioVersion = 10.0.40219.1
Project("{2150E333-8FDC-42A3-9474-1A3956D46DE8}") = "ThirdParty", "ThirdParty", "{03046FC8-3064-4AB3-B231-F536C826CF2F}"
EndProject
Project("{2150E333-8FDC-42A3-9474-1A3956D46DE8}") = "Module", "Module", "{61858E99-2317-4E8E-8B27-A9B906D94731}"
EndProject
Project("{8BC9CEB8-8B4A-11D0-8D11-00A0C91BC942}") = "OwlEngine", "Module\Engine\Engine.vcxproj", "{C3888DEF-A704-4F4C-8D6F-1CA2921786C1}"
EndProject
Project("{8BC9CEB8-8B4A-11D0-8D11-00A0C91BC942}") = "DirectXTex", "ThirdParty\DirectXTex\DirectXTex.vcxproj", "{371B9FA9-4C90-4AC6-A123-ACED756D6C77}"
EndProject
Project("{8BC9CEB8-8B4A-11D0-8D11-00A0C91BC942}") = "DirectXTK", "ThirdParty\DirectXTK\DirectXTK.vcxproj", "{E0B52AE7-E160-4D32-BF3F-910B785E5A8E}"
EndProject
Project("{8BC9CEB8-8B4A-11D0-8D11-00A0C91BC942}") = "Core", "Module\Core\Core.vcxproj", "{26F3D54B-FD08-467E-A2B4-71479E755A5E}"
EndProject
Project("{8BC9CEB8-8B4A-11D0-8D11-00A0C91BC942}") = "EnTT", "ThirdParty\EnTT\EnTT.vcxproj", "{9A2C3F53-1013-4CEF-ADD8-FAEB0EE03FAD}"
EndProject
Project("{8BC9CEB8-8B4A-11D0-8D11-00A0C91BC942}") = "yaml-cpp", "ThirdParty\yaml-cpp\yaml-cpp.vcxproj", "{3BF628D5-AF74-4B65-8CC7-4A7E3C5CEAC5}"
EndProject
Project("{9A19103F-16F7-4668-BE54-9A1E7A4F7556}") = "CrashReporter", "Module\CrashReporter\CrashReporter.csproj", "{F84F6DAF-432A-4FA7-BDDA-BD415EA6D8A7}"
EndProject
Project("{2150E333-8FDC-42A3-9474-1A3956D46DE8}") = "Items", "Items", "{B86214AA-A50E-4B5E-979B-5E549DFC586A}"
	ProjectSection(SolutionItems) = preProject
		.editorconfig = .editorconfig
		Module.props = Module.props
		ThirdParty.props = ThirdParty.props
	EndProjectSection
EndProject
Project("{8BC9CEB8-8B4A-11D0-8D11-00A0C91BC942}") = "spdlog", "ThirdParty\spdlog\spdlog.vcxproj", "{526FBE17-B91B-4614-A643-F13031BABE9D}"
EndProject
Global
	GlobalSection(SolutionConfigurationPlatforms) = preSolution
		Debug|Any CPU = Debug|Any CPU
		Debug|x64 = Debug|x64
		Debug|x86 = Debug|x86
		Release|Any CPU = Release|Any CPU
		Release|x64 = Release|x64
		Release|x86 = Release|x86
	EndGlobalSection
	GlobalSection(ProjectConfigurationPlatforms) = postSolution
		{C3888DEF-A704-4F4C-8D6F-1CA2921786C1}.Debug|Any CPU.ActiveCfg = Debug|Win32
		{C3888DEF-A704-4F4C-8D6F-1CA2921786C1}.Debug|x64.ActiveCfg = Debug|x64
		{C3888DEF-A704-4F4C-8D6F-1CA2921786C1}.Debug|x64.Build.0 = Debug|x64
		{C3888DEF-A704-4F4C-8D6F-1CA2921786C1}.Debug|x86.ActiveCfg = Debug|Win32
		{C3888DEF-A704-4F4C-8D6F-1CA2921786C1}.Debug|x86.Build.0 = Debug|Win32
		{C3888DEF-A704-4F4C-8D6F-1CA2921786C1}.Release|Any CPU.ActiveCfg = Release|Win32
		{C3888DEF-A704-4F4C-8D6F-1CA2921786C1}.Release|x64.ActiveCfg = Release|x64
		{C3888DEF-A704-4F4C-8D6F-1CA2921786C1}.Release|x64.Build.0 = Release|x64
		{C3888DEF-A704-4F4C-8D6F-1CA2921786C1}.Release|x86.ActiveCfg = Release|Win32
		{C3888DEF-A704-4F4C-8D6F-1CA2921786C1}.Release|x86.Build.0 = Release|Win32
		{371B9FA9-4C90-4AC6-A123-ACED756D6C77}.Debug|Any CPU.ActiveCfg = Debug|Win32
		{371B9FA9-4C90-4AC6-A123-ACED756D6C77}.Debug|x64.ActiveCfg = Debug|x64
		{371B9FA9-4C90-4AC6-A123-ACED756D6C77}.Debug|x64.Build.0 = Debug|x64
		{371B9FA9-4C90-4AC6-A123-ACED756D6C77}.Debug|x86.ActiveCfg = Debug|Win32
		{371B9FA9-4C90-4AC6-A123-ACED756D6C77}.Debug|x86.Build.0 = Debug|Win32
		{371B9FA9-4C90-4AC6-A123-ACED756D6C77}.Release|Any CPU.ActiveCfg = Release|Win32
		{371B9FA9-4C90-4AC6-A123-ACED756D6C77}.Release|x64.ActiveCfg = Release|x64
		{371B9FA9-4C90-4AC6-A123-ACED756D6C77}.Release|x64.Build.0 = Release|x64
		{371B9FA9-4C90-4AC6-A123-ACED756D6C77}.Release|x86.ActiveCfg = Release|Win32
		{371B9FA9-4C90-4AC6-A123-ACED756D6C77}.Release|x86.Build.0 = Release|Win32
		{E0B52AE7-E160-4D32-BF3F-910B785E5A8E}.Debug|Any CPU.ActiveCfg = Debug|Win32
		{E0B52AE7-E160-4D32-BF3F-910B785E5A8E}.Debug|x64.ActiveCfg = Debug|x64
		{E0B52AE7-E160-4D32-BF3F-910B785E5A8E}.Debug|x64.Build.0 = Debug|x64
		{E0B52AE7-E160-4D32-BF3F-910B785E5A8E}.Debug|x86.ActiveCfg = Debug|Win32
		{E0B52AE7-E160-4D32-BF3F-910B785E5A8E}.Debug|x86.Build.0 = Debug|Win32
		{E0B52AE7-E160-4D32-BF3F-910B785E5A8E}.Release|Any CPU.ActiveCfg = Release|Win32
		{E0B52AE7-E160-4D32-BF3F-910B785E5A8E}.Release|x64.ActiveCfg = Release|x64
		{E0B52AE7-E160-4D32-BF3F-910B785E5A8E}.Release|x64.Build.0 = Release|x64
		{E0B52AE7-E160-4D32-BF3F-910B785E5A8E}.Release|x86.ActiveCfg = Release|Win32
		{E0B52AE7-E160-4D32-BF3F-910B785E5A8E}.Release|x86.Build.0 = Release|Win32
		{26F3D54B-FD08-467E-A2B4-71479E755A5E}.Debug|Any CPU.ActiveCfg = Debug|Win32
		{26F3D54B-FD08-467E-A2B4-71479E755A5E}.Debug|x64.ActiveCfg = Debug|x64
		{26F3D54B-FD08-467E-A2B4-71479E755A5E}.Debug|x64.Build.0 = Debug|x64
		{26F3D54B-FD08-467E-A2B4-71479E755A5E}.Debug|x86.ActiveCfg = Debug|Win32
		{26F3D54B-FD08-467E-A2B4-71479E755A5E}.Debug|x86.Build.0 = Debug|Win32
		{26F3D54B-FD08-467E-A2B4-71479E755A5E}.Release|Any CPU.ActiveCfg = Release|Win32
		{26F3D54B-FD08-467E-A2B4-71479E755A5E}.Release|x64.ActiveCfg = Release|x64
		{26F3D54B-FD08-467E-A2B4-71479E755A5E}.Release|x64.Build.0 = Release|x64
		{26F3D54B-FD08-467E-A2B4-71479E755A5E}.Release|x86.ActiveCfg = Release|Win32
		{26F3D54B-FD08-467E-A2B4-71479E755A5E}.Release|x86.Build.0 = Release|Win32
		{9A2C3F53-1013-4CEF-ADD8-FAEB0EE03FAD}.Debug|Any CPU.ActiveCfg = Debug|Win32
		{9A2C3F53-1013-4CEF-ADD8-FAEB0EE03FAD}.Debug|x64.ActiveCfg = Debug|x64
		{9A2C3F53-1013-4CEF-ADD8-FAEB0EE03FAD}.Debug|x64.Build.0 = Debug|x64
		{9A2C3F53-1013-4CEF-ADD8-FAEB0EE03FAD}.Debug|x86.ActiveCfg = Debug|Win32
		{9A2C3F53-1013-4CEF-ADD8-FAEB0EE03FAD}.Debug|x86.Build.0 = Debug|Win32
		{9A2C3F53-1013-4CEF-ADD8-FAEB0EE03FAD}.Release|Any CPU.ActiveCfg = Release|Win32
		{9A2C3F53-1013-4CEF-ADD8-FAEB0EE03FAD}.Release|x64.ActiveCfg = Release|x64
		{9A2C3F53-1013-4CEF-ADD8-FAEB0EE03FAD}.Release|x64.Build.0 = Release|x64
		{9A2C3F53-1013-4CEF-ADD8-FAEB0EE03FAD}.Release|x86.ActiveCfg = Release|Win32
		{9A2C3F53-1013-4CEF-ADD8-FAEB0EE03FAD}.Release|x86.Build.0 = Release|Win32
		{3BF628D5-AF74-4B65-8CC7-4A7E3C5CEAC5}.Debug|Any CPU.ActiveCfg = Debug|Win32
		{3BF628D5-AF74-4B65-8CC7-4A7E3C5CEAC5}.Debug|x64.ActiveCfg = Debug|x64
		{3BF628D5-AF74-4B65-8CC7-4A7E3C5CEAC5}.Debug|x64.Build.0 = Debug|x64
		{3BF628D5-AF74-4B65-8CC7-4A7E3C5CEAC5}.Debug|x86.ActiveCfg = Debug|Win32
		{3BF628D5-AF74-4B65-8CC7-4A7E3C5CEAC5}.Debug|x86.Build.0 = Debug|Win32
		{3BF628D5-AF74-4B65-8CC7-4A7E3C5CEAC5}.Release|Any CPU.ActiveCfg = Release|Win32
		{3BF628D5-AF74-4B65-8CC7-4A7E3C5CEAC5}.Release|x64.ActiveCfg = Release|x64
		{3BF628D5-AF74-4B65-8CC7-4A7E3C5CEAC5}.Release|x64.Build.0 = Release|x64
		{3BF628D5-AF74-4B65-8CC7-4A7E3C5CEAC5}.Release|x86.ActiveCfg = Release|Win32
		{3BF628D5-AF74-4B65-8CC7-4A7E3C5CEAC5}.Release|x86.Build.0 = Release|Win32
		{F84F6DAF-432A-4FA7-BDDA-BD415EA6D8A7}.Debug|Any CPU.ActiveCfg = Debug|Any CPU
		{F84F6DAF-432A-4FA7-BDDA-BD415EA6D8A7}.Debug|Any CPU.Build.0 = Debug|Any CPU
		{F84F6DAF-432A-4FA7-BDDA-BD415EA6D8A7}.Debug|x64.ActiveCfg = Debug|Any CPU
		{F84F6DAF-432A-4FA7-BDDA-BD415EA6D8A7}.Debug|x64.Build.0 = Debug|Any CPU
		{F84F6DAF-432A-4FA7-BDDA-BD415EA6D8A7}.Debug|x86.ActiveCfg = Debug|Any CPU
		{F84F6DAF-432A-4FA7-BDDA-BD415EA6D8A7}.Debug|x86.Build.0 = Debug|Any CPU
		{F84F6DAF-432A-4FA7-BDDA-BD415EA6D8A7}.Release|Any CPU.ActiveCfg = Release|Any CPU
		{F84F6DAF-432A-4FA7-BDDA-BD415EA6D8A7}.Release|Any CPU.Build.0 = Release|Any CPU
		{F84F6DAF-432A-4FA7-BDDA-BD415EA6D8A7}.Release|x64.ActiveCfg = Release|Any CPU
		{F84F6DAF-432A-4FA7-BDDA-BD415EA6D8A7}.Release|x64.Build.0 = Release|Any CPU
		{F84F6DAF-432A-4FA7-BDDA-BD415EA6D8A7}.Release|x86.ActiveCfg = Release|Any CPU
		{F84F6DAF-432A-4FA7-BDDA-BD415EA6D8A7}.Release|x86.Build.0 = Release|Any CPU
		{526FBE17-B91B-4614-A643-F13031BABE9D}.Debug|Any CPU.ActiveCfg = Debug|Win32
		{526FBE17-B91B-4614-A643-F13031BABE9D}.Debug|x64.ActiveCfg = Debug|x64
		{526FBE17-B91B-4614-A643-F13031BABE9D}.Debug|x64.Build.0 = Debug|x64
		{526FBE17-B91B-4614-A643-F13031BABE9D}.Debug|x86.ActiveCfg = Debug|Win32
		{526FBE17-B91B-4614-A643-F13031BABE9D}.Debug|x86.Build.0 = Debug|Win32
		{526FBE17-B91B-4614-A643-F13031BABE9D}.Release|Any CPU.ActiveCfg = Release|Win32
		{526FBE17-B91B-4614-A643-F13031BABE9D}.Release|x64.ActiveCfg = Release|x64
		{526FBE17-B91B-4614-A643-F13031BABE9D}.Release|x64.Build.0 = Release|x64
		{526FBE17-B91B-4614-A643-F13031BABE9D}.Release|x86.ActiveCfg = Release|Win32
		{526FBE17-B91B-4614-A643-F13031BABE9D}.Release|x86.Build.0 = Release|Win32
	EndGlobalSection
	GlobalSection(SolutionProperties) = preSolution
		HideSolutionNode = FALSE
	EndGlobalSection
	GlobalSection(NestedProjects) = preSolution
		{371B9FA9-4C90-4AC6-A123-ACED756D6C77} = {03046FC8-3064-4AB3-B231-F536C826CF2F}
		{E0B52AE7-E160-4D32-BF3F-910B785E5A8E} = {03046FC8-3064-4AB3-B231-F536C826CF2F}
		{26F3D54B-FD08-467E-A2B4-71479E755A5E} = {61858E99-2317-4E8E-8B27-A9B906D94731}
		{9A2C3F53-1013-4CEF-ADD8-FAEB0EE03FAD} = {03046FC8-3064-4AB3-B231-F536C826CF2F}
		{3BF628D5-AF74-4B65-8CC7-4A7E3C5CEAC5} = {03046FC8-3064-4AB3-B231-F536C826CF2F}
		{F84F6DAF-432A-4FA7-BDDA-BD415EA6D8A7} = {61858E99-2317-4E8E-8B27-A9B906D94731}
		{526FBE17-B91B-4614-A643-F13031BABE9D} = {03046FC8-3064-4AB3-B231-F536C826CF2F}
	EndGlobalSection
	GlobalSection(ExtensibilityGlobals) = postSolution
		SolutionGuid = {49169C93-572E-44FC-8BF1-48E18A0EF3C5}
	EndGlobalSection
EndGlobal
