<?xml version="1.0" encoding="utf-8"?>
<Project ToolsVersion="4.0" xmlns="http://schemas.microsoft.com/developer/msbuild/2003">
  <ItemGroup>
    <Filter Include="Logger">
      <UniqueIdentifier>{510fbe11-566c-4e45-acf7-1a44fed53b41}</UniqueIdentifier>
    </Filter>
    <Filter Include="Misc">
      <UniqueIdentifier>{95e36ed5-21eb-47c3-bba0-05a818400e50}</UniqueIdentifier>
    </Filter>
    <Filter Include="Config">
      <UniqueIdentifier>{9672d6b0-316c-421a-b82a-113aeb58c686}</UniqueIdentifier>
    </Filter>
    <Filter Include="Delegate">
      <UniqueIdentifier>{5ef324f3-d621-44f6-a47e-73859278e10f}</UniqueIdentifier>
    </Filter>
    <Filter Include="CrashHandler">
      <UniqueIdentifier>{039891ae-9155-45e0-8700-b706ff44db9e}</UniqueIdentifier>
    </Filter>
    <Filter Include="Platform">
      <UniqueIdentifier>{a8947836-2ce9-48c9-8bb0-63d286d75b78}</UniqueIdentifier>
    </Filter>
    <Filter Include="Platform\Windows">
      <UniqueIdentifier>{c60add96-78e4-4b4d-8262-660b324cab8a}</UniqueIdentifier>
    </Filter>
  </ItemGroup>
  <ItemGroup>
    <ClInclude Include="Include\CoreAPI.h" />
    <ClInclude Include="Include\CoreAssertion.h" />
    <ClInclude Include="Include\CoreTypes.h" />
    <ClInclude Include="Include\Misc\EnginePaths.h">
      <Filter>Misc</Filter>
    </ClInclude>
    <ClInclude Include="Include\Logger\Logger.h">
      <Filter>Logger</Filter>
    </ClInclude>
    <ClInclude Include="Include\Logger\ScopedLogLevel.h">
      <Filter>Logger</Filter>
    </ClInclude>
    <ClInclude Include="Include\Delegate\DelegateBase.h">
      <Filter>Delegate</Filter>
    </ClInclude>
    <ClInclude Include="Include\Delegate\DelegateEvent.h">
      <Filter>Delegate</Filter>
    </ClInclude>
    <ClInclude Include="Include\Delegate\DelegateHandle.h">
      <Filter>Delegate</Filter>
    </ClInclude>
    <ClInclude Include="Include\Delegate\DelegateRawEvent.h">
      <Filter>Delegate</Filter>
    </ClInclude>
    <ClInclude Include="Include\Delegate\DelegateSharedEvent.h">
      <Filter>Delegate</Filter>
    </ClInclude>
    <ClInclude Include="Include\Delegate\DelegateStaticEvent.h">
      <Filter>Delegate</Filter>
    </ClInclude>
    <ClInclude Include="Include\Delegate\MultiCastDelegate.h">
      <Filter>Delegate</Filter>
    </ClInclude>
    <ClInclude Include="Include\Delegate\TypeDefine.h">
      <Filter>Delegate</Filter>
    </ClInclude>
    <ClInclude Include="Include\Delegate\UniCastDelegate.h">
      <Filter>Delegate</Filter>
    </ClInclude>
    <ClInclude Include="Include\CoreDLL.h" />
    <ClInclude Include="Source\CorePCH.h" />
    <ClInclude Include="Source\CrashHandler\StackWalker.h">
      <Filter>CrashHandler</Filter>
    </ClInclude>
    <ClInclude Include="Include\CrashHandler\CrashHandler.h">
      <Filter>CrashHandler</Filter>
    </ClInclude>
    <ClInclude Include="Include\Misc\SystemInfo.h">
      <Filter>Misc</Filter>
    </ClInclude>
    <ClInclude Include="Include\Platform\Windows\PowerShell.h">
      <Filter>Platform\Windows</Filter>
    </ClInclude>
    <ClInclude Include="Include\Misc\Utils.h">
      <Filter>Misc</Filter>
    </ClInclude>
    <ClInclude Include="Include\Misc\Memory.h">
      <Filter>Misc</Filter>
    </ClInclude>
    <ClInclude Include="Include\Platform\Windows\ProcessPipe.h">
      <Filter>Platform\Windows</Filter>
    </ClInclude>
    <ClInclude Include="Include\Platform\Windows\WindowsEvent.h">
      <Filter>Platform\Windows</Filter>
    </ClInclude>
    <ClInclude Include="Include\Platform\Windows\ProcessSendingPipe.h">
      <Filter>Platform\Windows</Filter>
    </ClInclude>
    <ClInclude Include="Include\Platform\Windows\ProcessReceivingPipe.h">
      <Filter>Platform\Windows</Filter>
    </ClInclude>
    <ClInclude Include="Include\Platform\Windows\NativeWindow.h">
      <Filter>Platform\Windows</Filter>
    </ClInclude>
  </ItemGroup>
  <ItemGroup>
    <ClCompile Include="Source\CorePCH.cpp" />
    <ClCompile Include="Source\Misc\EnginePaths.cpp">
      <Filter>Misc</Filter>
    </ClCompile>
    <ClCompile Include="Source\Logger\Logger.cpp">
      <Filter>Logger</Filter>
    </ClCompile>
    <ClCompile Include="Source\Logger\ScopedLogLevel.cpp">
      <Filter>Logger</Filter>
    </ClCompile>
    <ClCompile Include="Source\CrashHandler\StackWalker.cpp">
      <Filter>CrashHandler</Filter>
    </ClCompile>
    <ClCompile Include="Source\CrashHandler\CrashHandler.cpp">
      <Filter>CrashHandler</Filter>
    </ClCompile>
    <ClCompile Include="Source\Misc\SystemInfo.cpp">
      <Filter>Misc</Filter>
    </ClCompile>
    <ClCompile Include="Source\Platform\Windows\PowerShell.cpp">
      <Filter>Platform\Windows</Filter>
    </ClCompile>
    <ClCompile Include="Source\Misc\Utils.cpp">
      <Filter>Misc</Filter>
    </ClCompile>
    <ClCompile Include="Source\Platform\Windows\ProcessPipe.cpp">
      <Filter>Platform\Windows</Filter>
    </ClCompile>
    <ClCompile Include="Source\Platform\Windows\WindowsEvent.cpp">
      <Filter>Platform\Windows</Filter>
    </ClCompile>
    <ClCompile Include="Source\Platform\Windows\ProcessSendingPipe.cpp">
      <Filter>Platform\Windows</Filter>
    </ClCompile>
    <ClCompile Include="Source\Platform\Windows\ProcessReceivingPipe.cpp">
      <Filter>Platform\Windows</Filter>
    </ClCompile>
    <ClCompile Include="Source\Platform\Windows\NativeWindow.cpp">
      <Filter>Platform\Windows</Filter>
    </ClCompile>
  </ItemGroup>
</Project>